// !$*UTF8*$!
{
	archiveVersion = 1;
	classes = {
	};
	objectVersion = 46;
	objects = {

/* Begin PBXBuildFile section */
		2F33DB8F1D659017009B10BD /* MHDatabase.m in Sources */ = {isa = PBXBuildFile; fileRef = 2F33DB8E1D659017009B10BD /* MHDatabase.m */; };
		2F33DB911D6592CB009B10BD /* libsqlite3.0.tbd in Frameworks */ = {isa = PBXBuildFile; fileRef = 2F33DB901D6592CB009B10BD /* libsqlite3.0.tbd */; };
		2F6FE67B1D6AED37004D449A /* MHAddBagController.m in Sources */ = {isa = PBXBuildFile; fileRef = 2F6FE67A1D6AED37004D449A /* MHAddBagController.m */; };
		2F6FE6811D6AF9B2004D449A /* MHAddBagCell.m in Sources */ = {isa = PBXBuildFile; fileRef = 2F6FE6801D6AF9B2004D449A /* MHAddBagCell.m */; };
		2F6FE6841D6BE6A3004D449A /* MHBagTypeModel.m in Sources */ = {isa = PBXBuildFile; fileRef = 2F6FE6831D6BE6A3004D449A /* MHBagTypeModel.m */; };
		2F6FE68B1D6BFB53004D449A /* UIImage+Extension.m in Sources */ = {isa = PBXBuildFile; fileRef = 2F6FE68A1D6BFB53004D449A /* UIImage+Extension.m */; };
		2F6FE68E1D6C2B54004D449A /* MHBagMessageController.m in Sources */ = {isa = PBXBuildFile; fileRef = 2F6FE68D1D6C2B54004D449A /* MHBagMessageController.m */; };
		2F6FE6941D6D7B23004D449A /* MHBagMessageView.m in Sources */ = {isa = PBXBuildFile; fileRef = 2F6FE6931D6D7B23004D449A /* MHBagMessageView.m */; };
		2F6FE6971D6E9678004D449A /* MHUpDateBagView.m in Sources */ = {isa = PBXBuildFile; fileRef = 2F6FE6961D6E9678004D449A /* MHUpDateBagView.m */; };
		2F6FE69A1D6E96D2004D449A /* MHUpDateBagViewController.m in Sources */ = {isa = PBXBuildFile; fileRef = 2F6FE6991D6E96D2004D449A /* MHUpDateBagViewController.m */; };
		2F7D72071D5D73D300E048C5 /* main.m in Sources */ = {isa = PBXBuildFile; fileRef = 2F7D72061D5D73D300E048C5 /* main.m */; };
		2F7D720A1D5D73D300E048C5 /* AppDelegate.m in Sources */ = {isa = PBXBuildFile; fileRef = 2F7D72091D5D73D300E048C5 /* AppDelegate.m */; };
		2F7D72101D5D73D300E048C5 /* Main.storyboard in Resources */ = {isa = PBXBuildFile; fileRef = 2F7D720E1D5D73D300E048C5 /* Main.storyboard */; };
		2F7D72121D5D73D300E048C5 /* Assets.xcassets in Resources */ = {isa = PBXBuildFile; fileRef = 2F7D72111D5D73D300E048C5 /* Assets.xcassets */; };
		2F7D72151D5D73D300E048C5 /* LaunchScreen.storyboard in Resources */ = {isa = PBXBuildFile; fileRef = 2F7D72131D5D73D300E048C5 /* LaunchScreen.storyboard */; };
		2F7D72201D5D73D300E048C5 /* MHAccountTests.m in Sources */ = {isa = PBXBuildFile; fileRef = 2F7D721F1D5D73D300E048C5 /* MHAccountTests.m */; };
		2F7D722B1D5D73D300E048C5 /* MHAccountUITests.m in Sources */ = {isa = PBXBuildFile; fileRef = 2F7D722A1D5D73D300E048C5 /* MHAccountUITests.m */; };
		2FAA384E1D62E431000B19A1 /* MHDetailedViewController.m in Sources */ = {isa = PBXBuildFile; fileRef = 2FAA384D1D62E431000B19A1 /* MHDetailedViewController.m */; };
		2FAA38541D62F9CC000B19A1 /* MHTabBarController.m in Sources */ = {isa = PBXBuildFile; fileRef = 2FAA38531D62F9CC000B19A1 /* MHTabBarController.m */; };
		2FAA38571D6308C2000B19A1 /* MHDetailView.m in Sources */ = {isa = PBXBuildFile; fileRef = 2FAA38561D6308C2000B19A1 /* MHDetailView.m */; };
		2FEA380B1D65A73600324A40 /* MHMyBagTableViewController.m in Sources */ = {isa = PBXBuildFile; fileRef = 2FEA380A1D65A73600324A40 /* MHMyBagTableViewController.m */; };
		2FEA380E1D65A83500324A40 /* MHBagCell.m in Sources */ = {isa = PBXBuildFile; fileRef = 2FEA380D1D65A83500324A40 /* MHBagCell.m */; };
		2FEA38111D65AA2F00324A40 /* MHBagModel.m in Sources */ = {isa = PBXBuildFile; fileRef = 2FEA38101D65AA2F00324A40 /* MHBagModel.m */; };
		65B795B5DEFD1A0C86811B08 /* libPods-MHAccount.a in Frameworks */ = {isa = PBXBuildFile; fileRef = 47FDD1C2D24BEB953409CC4D /* libPods-MHAccount.a */; };
/* End PBXBuildFile section */

/* Begin PBXContainerItemProxy section */
		2F7D721C1D5D73D300E048C5 /* PBXContainerItemProxy */ = {
			isa = PBXContainerItemProxy;
			containerPortal = 2F7D71FA1D5D73D300E048C5 /* Project object */;
			proxyType = 1;
			remoteGlobalIDString = 2F7D72011D5D73D300E048C5;
			remoteInfo = MHAccount;
		};
		2F7D72271D5D73D300E048C5 /* PBXContainerItemProxy */ = {
			isa = PBXContainerItemProxy;
			containerPortal = 2F7D71FA1D5D73D300E048C5 /* Project object */;
			proxyType = 1;
			remoteGlobalIDString = 2F7D72011D5D73D300E048C5;
			remoteInfo = MHAccount;
		};
/* End PBXContainerItemProxy section */

/* Begin PBXFileReference section */
		2F33DB8D1D659017009B10BD /* MHDatabase.h */ = {isa = PBXFileReference; fileEncoding = 4; lastKnownFileType = sourcecode.c.h; path = MHDatabase.h; sourceTree = "<group>"; };
		2F33DB8E1D659017009B10BD /* MHDatabase.m */ = {isa = PBXFileReference; fileEncoding = 4; lastKnownFileType = sourcecode.c.objc; path = MHDatabase.m; sourceTree = "<group>"; };
		2F33DB901D6592CB009B10BD /* libsqlite3.0.tbd */ = {isa = PBXFileReference; lastKnownFileType = "sourcecode.text-based-dylib-definition"; name = libsqlite3.0.tbd; path = usr/lib/libsqlite3.0.tbd; sourceTree = SDKROOT; };
		2F6FE6791D6AED37004D449A /* MHAddBagController.h */ = {isa = PBXFileReference; fileEncoding = 4; lastKnownFileType = sourcecode.c.h; path = MHAddBagController.h; sourceTree = "<group>"; };
		2F6FE67A1D6AED37004D449A /* MHAddBagController.m */ = {isa = PBXFileReference; fileEncoding = 4; lastKnownFileType = sourcecode.c.objc; path = MHAddBagController.m; sourceTree = "<group>"; };
		2F6FE67F1D6AF9B2004D449A /* MHAddBagCell.h */ = {isa = PBXFileReference; fileEncoding = 4; lastKnownFileType = sourcecode.c.h; path = MHAddBagCell.h; sourceTree = "<group>"; };
		2F6FE6801D6AF9B2004D449A /* MHAddBagCell.m */ = {isa = PBXFileReference; fileEncoding = 4; lastKnownFileType = sourcecode.c.objc; path = MHAddBagCell.m; sourceTree = "<group>"; };
		2F6FE6821D6BE6A3004D449A /* MHBagTypeModel.h */ = {isa = PBXFileReference; fileEncoding = 4; lastKnownFileType = sourcecode.c.h; path = MHBagTypeModel.h; sourceTree = "<group>"; };
		2F6FE6831D6BE6A3004D449A /* MHBagTypeModel.m */ = {isa = PBXFileReference; fileEncoding = 4; lastKnownFileType = sourcecode.c.objc; path = MHBagTypeModel.m; sourceTree = "<group>"; };
		2F6FE6891D6BFB53004D449A /* UIImage+Extension.h */ = {isa = PBXFileReference; fileEncoding = 4; lastKnownFileType = sourcecode.c.h; path = "UIImage+Extension.h"; sourceTree = "<group>"; };
		2F6FE68A1D6BFB53004D449A /* UIImage+Extension.m */ = {isa = PBXFileReference; fileEncoding = 4; lastKnownFileType = sourcecode.c.objc; path = "UIImage+Extension.m"; sourceTree = "<group>"; };
		2F6FE68C1D6C2B54004D449A /* MHBagMessageController.h */ = {isa = PBXFileReference; fileEncoding = 4; lastKnownFileType = sourcecode.c.h; path = MHBagMessageController.h; sourceTree = "<group>"; };
		2F6FE68D1D6C2B54004D449A /* MHBagMessageController.m */ = {isa = PBXFileReference; fileEncoding = 4; lastKnownFileType = sourcecode.c.objc; path = MHBagMessageController.m; sourceTree = "<group>"; };
		2F6FE6921D6D7B23004D449A /* MHBagMessageView.h */ = {isa = PBXFileReference; fileEncoding = 4; lastKnownFileType = sourcecode.c.h; path = MHBagMessageView.h; sourceTree = "<group>"; };
		2F6FE6931D6D7B23004D449A /* MHBagMessageView.m */ = {isa = PBXFileReference; fileEncoding = 4; lastKnownFileType = sourcecode.c.objc; path = MHBagMessageView.m; sourceTree = "<group>"; };
		2F6FE6951D6E9678004D449A /* MHUpDateBagView.h */ = {isa = PBXFileReference; fileEncoding = 4; lastKnownFileType = sourcecode.c.h; path = MHUpDateBagView.h; sourceTree = "<group>"; };
		2F6FE6961D6E9678004D449A /* MHUpDateBagView.m */ = {isa = PBXFileReference; fileEncoding = 4; lastKnownFileType = sourcecode.c.objc; path = MHUpDateBagView.m; sourceTree = "<group>"; };
		2F6FE6981D6E96D2004D449A /* MHUpDateBagViewController.h */ = {isa = PBXFileReference; fileEncoding = 4; lastKnownFileType = sourcecode.c.h; path = MHUpDateBagViewController.h; sourceTree = "<group>"; };
		2F6FE6991D6E96D2004D449A /* MHUpDateBagViewController.m */ = {isa = PBXFileReference; fileEncoding = 4; lastKnownFileType = sourcecode.c.objc; path = MHUpDateBagViewController.m; sourceTree = "<group>"; };
		2F7D72021D5D73D300E048C5 /* MHAccount.app */ = {isa = PBXFileReference; explicitFileType = wrapper.application; includeInIndex = 0; path = MHAccount.app; sourceTree = BUILT_PRODUCTS_DIR; };
		2F7D72061D5D73D300E048C5 /* main.m */ = {isa = PBXFileReference; lastKnownFileType = sourcecode.c.objc; path = main.m; sourceTree = "<group>"; };
		2F7D72081D5D73D300E048C5 /* AppDelegate.h */ = {isa = PBXFileReference; lastKnownFileType = sourcecode.c.h; path = AppDelegate.h; sourceTree = "<group>"; };
		2F7D72091D5D73D300E048C5 /* AppDelegate.m */ = {isa = PBXFileReference; lastKnownFileType = sourcecode.c.objc; path = AppDelegate.m; sourceTree = "<group>"; };
		2F7D720F1D5D73D300E048C5 /* Base */ = {isa = PBXFileReference; lastKnownFileType = file.storyboard; name = Base; path = Base.lproj/Main.storyboard; sourceTree = "<group>"; };
		2F7D72111D5D73D300E048C5 /* Assets.xcassets */ = {isa = PBXFileReference; lastKnownFileType = folder.assetcatalog; path = Assets.xcassets; sourceTree = "<group>"; };
		2F7D72141D5D73D300E048C5 /* Base */ = {isa = PBXFileReference; lastKnownFileType = file.storyboard; name = Base; path = Base.lproj/LaunchScreen.storyboard; sourceTree = "<group>"; };
		2F7D72161D5D73D300E048C5 /* Info.plist */ = {isa = PBXFileReference; lastKnownFileType = text.plist.xml; path = Info.plist; sourceTree = "<group>"; };
		2F7D721B1D5D73D300E048C5 /* MHAccountTests.xctest */ = {isa = PBXFileReference; explicitFileType = wrapper.cfbundle; includeInIndex = 0; path = MHAccountTests.xctest; sourceTree = BUILT_PRODUCTS_DIR; };
		2F7D721F1D5D73D300E048C5 /* MHAccountTests.m */ = {isa = PBXFileReference; lastKnownFileType = sourcecode.c.objc; path = MHAccountTests.m; sourceTree = "<group>"; };
		2F7D72211D5D73D300E048C5 /* Info.plist */ = {isa = PBXFileReference; lastKnownFileType = text.plist.xml; path = Info.plist; sourceTree = "<group>"; };
		2F7D72261D5D73D300E048C5 /* MHAccountUITests.xctest */ = {isa = PBXFileReference; explicitFileType = wrapper.cfbundle; includeInIndex = 0; path = MHAccountUITests.xctest; sourceTree = BUILT_PRODUCTS_DIR; };
		2F7D722A1D5D73D300E048C5 /* MHAccountUITests.m */ = {isa = PBXFileReference; lastKnownFileType = sourcecode.c.objc; path = MHAccountUITests.m; sourceTree = "<group>"; };
		2F7D722C1D5D73D300E048C5 /* Info.plist */ = {isa = PBXFileReference; lastKnownFileType = text.plist.xml; path = Info.plist; sourceTree = "<group>"; };
		2FAA384C1D62E431000B19A1 /* MHDetailedViewController.h */ = {isa = PBXFileReference; fileEncoding = 4; lastKnownFileType = sourcecode.c.h; path = MHDetailedViewController.h; sourceTree = "<group>"; };
		2FAA384D1D62E431000B19A1 /* MHDetailedViewController.m */ = {isa = PBXFileReference; fileEncoding = 4; lastKnownFileType = sourcecode.c.objc; path = MHDetailedViewController.m; sourceTree = "<group>"; };
		2FAA38521D62F9CC000B19A1 /* MHTabBarController.h */ = {isa = PBXFileReference; fileEncoding = 4; lastKnownFileType = sourcecode.c.h; path = MHTabBarController.h; sourceTree = "<group>"; };
		2FAA38531D62F9CC000B19A1 /* MHTabBarController.m */ = {isa = PBXFileReference; fileEncoding = 4; lastKnownFileType = sourcecode.c.objc; path = MHTabBarController.m; sourceTree = "<group>"; };
		2FAA38551D6308C2000B19A1 /* MHDetailView.h */ = {isa = PBXFileReference; fileEncoding = 4; lastKnownFileType = sourcecode.c.h; path = MHDetailView.h; sourceTree = "<group>"; };
		2FAA38561D6308C2000B19A1 /* MHDetailView.m */ = {isa = PBXFileReference; fileEncoding = 4; lastKnownFileType = sourcecode.c.objc; path = MHDetailView.m; sourceTree = "<group>"; };
		2FEA38091D65A73600324A40 /* MHMyBagTableViewController.h */ = {isa = PBXFileReference; fileEncoding = 4; lastKnownFileType = sourcecode.c.h; path = MHMyBagTableViewController.h; sourceTree = "<group>"; };
		2FEA380A1D65A73600324A40 /* MHMyBagTableViewController.m */ = {isa = PBXFileReference; fileEncoding = 4; lastKnownFileType = sourcecode.c.objc; path = MHMyBagTableViewController.m; sourceTree = "<group>"; };
		2FEA380C1D65A83500324A40 /* MHBagCell.h */ = {isa = PBXFileReference; fileEncoding = 4; lastKnownFileType = sourcecode.c.h; path = MHBagCell.h; sourceTree = "<group>"; };
		2FEA380D1D65A83500324A40 /* MHBagCell.m */ = {isa = PBXFileReference; fileEncoding = 4; lastKnownFileType = sourcecode.c.objc; path = MHBagCell.m; sourceTree = "<group>"; };
		2FEA380F1D65AA2F00324A40 /* MHBagModel.h */ = {isa = PBXFileReference; fileEncoding = 4; lastKnownFileType = sourcecode.c.h; path = MHBagModel.h; sourceTree = "<group>"; };
		2FEA38101D65AA2F00324A40 /* MHBagModel.m */ = {isa = PBXFileReference; fileEncoding = 4; lastKnownFileType = sourcecode.c.objc; path = MHBagModel.m; sourceTree = "<group>"; };
		47FDD1C2D24BEB953409CC4D /* libPods-MHAccount.a */ = {isa = PBXFileReference; explicitFileType = archive.ar; includeInIndex = 0; path = "libPods-MHAccount.a"; sourceTree = BUILT_PRODUCTS_DIR; };
		D6289CC397615D06A22A8743 /* Pods-MHAccount.debug.xcconfig */ = {isa = PBXFileReference; includeInIndex = 1; lastKnownFileType = text.xcconfig; name = "Pods-MHAccount.debug.xcconfig"; path = "Pods/Target Support Files/Pods-MHAccount/Pods-MHAccount.debug.xcconfig"; sourceTree = "<group>"; };
		E1839BA412C8BEBA2E650329 /* Pods-MHAccount.release.xcconfig */ = {isa = PBXFileReference; includeInIndex = 1; lastKnownFileType = text.xcconfig; name = "Pods-MHAccount.release.xcconfig"; path = "Pods/Target Support Files/Pods-MHAccount/Pods-MHAccount.release.xcconfig"; sourceTree = "<group>"; };
/* End PBXFileReference section */

/* Begin PBXFrameworksBuildPhase section */
		2F7D71FF1D5D73D300E048C5 /* Frameworks */ = {
			isa = PBXFrameworksBuildPhase;
			buildActionMask = 2147483647;
			files = (
				2F33DB911D6592CB009B10BD /* libsqlite3.0.tbd in Frameworks */,
				65B795B5DEFD1A0C86811B08 /* libPods-MHAccount.a in Frameworks */,
			);
			runOnlyForDeploymentPostprocessing = 0;
		};
		2F7D72181D5D73D300E048C5 /* Frameworks */ = {
			isa = PBXFrameworksBuildPhase;
			buildActionMask = 2147483647;
			files = (
			);
			runOnlyForDeploymentPostprocessing = 0;
		};
		2F7D72231D5D73D300E048C5 /* Frameworks */ = {
			isa = PBXFrameworksBuildPhase;
			buildActionMask = 2147483647;
			files = (
			);
			runOnlyForDeploymentPostprocessing = 0;
		};
/* End PBXFrameworksBuildPhase section */

/* Begin PBXGroup section */
		2F6FE6881D6BFB1A004D449A /* UIImage */ = {
			isa = PBXGroup;
			children = (
				2F6FE6891D6BFB53004D449A /* UIImage+Extension.h */,
				2F6FE68A1D6BFB53004D449A /* UIImage+Extension.m */,
			);
			name = UIImage;
			sourceTree = "<group>";
		};
		2F7D71F91D5D73D300E048C5 = {
			isa = PBXGroup;
			children = (
				2F7D72041D5D73D300E048C5 /* MHAccount */,
				2F7D721E1D5D73D300E048C5 /* MHAccountTests */,
				2F7D72291D5D73D300E048C5 /* MHAccountUITests */,
				2F7D72031D5D73D300E048C5 /* Products */,
				581CB93408FC56573DD31B25 /* Pods */,
				FF8B1DBFB652AD5BCDC9F904 /* Frameworks */,
			);
			sourceTree = "<group>";
		};
		2F7D72031D5D73D300E048C5 /* Products */ = {
			isa = PBXGroup;
			children = (
				2F7D72021D5D73D300E048C5 /* MHAccount.app */,
				2F7D721B1D5D73D300E048C5 /* MHAccountTests.xctest */,
				2F7D72261D5D73D300E048C5 /* MHAccountUITests.xctest */,
			);
			name = Products;
			sourceTree = "<group>";
		};
		2F7D72041D5D73D300E048C5 /* MHAccount */ = {
			isa = PBXGroup;
			children = (
				2F6FE6881D6BFB1A004D449A /* UIImage */,
				2FEA38051D65A6A200324A40 /* 钱包 */,
				2FAA38481D62E1EB000B19A1 /* 明细 */,
				2FAA38581D640935000B19A1 /* Other */,
				2F7D72081D5D73D300E048C5 /* AppDelegate.h */,
				2F7D72091D5D73D300E048C5 /* AppDelegate.m */,
				2FAA38521D62F9CC000B19A1 /* MHTabBarController.h */,
				2FAA38531D62F9CC000B19A1 /* MHTabBarController.m */,
			);
			path = MHAccount;
			sourceTree = "<group>";
		};
		2F7D72051D5D73D300E048C5 /* Supporting Files */ = {
			isa = PBXGroup;
			children = (
				2F7D72061D5D73D300E048C5 /* main.m */,
			);
			name = "Supporting Files";
			sourceTree = "<group>";
		};
		2F7D721E1D5D73D300E048C5 /* MHAccountTests */ = {
			isa = PBXGroup;
			children = (
				2F7D721F1D5D73D300E048C5 /* MHAccountTests.m */,
				2F7D72211D5D73D300E048C5 /* Info.plist */,
			);
			path = MHAccountTests;
			sourceTree = "<group>";
		};
		2F7D72291D5D73D300E048C5 /* MHAccountUITests */ = {
			isa = PBXGroup;
			children = (
				2F7D722A1D5D73D300E048C5 /* MHAccountUITests.m */,
				2F7D722C1D5D73D300E048C5 /* Info.plist */,
			);
			path = MHAccountUITests;
			sourceTree = "<group>";
		};
		2FAA38481D62E1EB000B19A1 /* 明细 */ = {
			isa = PBXGroup;
			children = (
				2FAA384B1D62E3DD000B19A1 /* View */,
				2FAA384A1D62E3D3000B19A1 /* Model */,
				2FAA38491D62E3CC000B19A1 /* controller */,
			);
			name = "明细";
			sourceTree = "<group>";
		};
		2FAA38491D62E3CC000B19A1 /* controller */ = {
			isa = PBXGroup;
			children = (
				2FAA384C1D62E431000B19A1 /* MHDetailedViewController.h */,
				2FAA384D1D62E431000B19A1 /* MHDetailedViewController.m */,
			);
			name = controller;
			sourceTree = "<group>";
		};
		2FAA384A1D62E3D3000B19A1 /* Model */ = {
			isa = PBXGroup;
			children = (
			);
			name = Model;
			sourceTree = "<group>";
		};
		2FAA384B1D62E3DD000B19A1 /* View */ = {
			isa = PBXGroup;
			children = (
				2FAA38551D6308C2000B19A1 /* MHDetailView.h */,
				2FAA38561D6308C2000B19A1 /* MHDetailView.m */,
			);
			name = View;
			sourceTree = "<group>";
		};
		2FAA38581D640935000B19A1 /* Other */ = {
			isa = PBXGroup;
			children = (
				2F7D720E1D5D73D300E048C5 /* Main.storyboard */,
				2F7D72111D5D73D300E048C5 /* Assets.xcassets */,
				2F7D72131D5D73D300E048C5 /* LaunchScreen.storyboard */,
				2F7D72161D5D73D300E048C5 /* Info.plist */,
				2F7D72051D5D73D300E048C5 /* Supporting Files */,
				2F33DB8D1D659017009B10BD /* MHDatabase.h */,
				2F33DB8E1D659017009B10BD /* MHDatabase.m */,
			);
			name = Other;
			sourceTree = "<group>";
		};
		2FEA38051D65A6A200324A40 /* 钱包 */ = {
			isa = PBXGroup;
			children = (
				2FEA38081D65A6BE00324A40 /* Controller */,
				2FEA38071D65A6B900324A40 /* View */,
				2FEA38061D65A6B400324A40 /* Model */,
			);
			name = "钱包";
			sourceTree = "<group>";
		};
		2FEA38061D65A6B400324A40 /* Model */ = {
			isa = PBXGroup;
			children = (
				2FEA380F1D65AA2F00324A40 /* MHBagModel.h */,
				2FEA38101D65AA2F00324A40 /* MHBagModel.m */,
				2F6FE6821D6BE6A3004D449A /* MHBagTypeModel.h */,
				2F6FE6831D6BE6A3004D449A /* MHBagTypeModel.m */,
			);
			name = Model;
			sourceTree = "<group>";
		};
		2FEA38071D65A6B900324A40 /* View */ = {
			isa = PBXGroup;
			children = (
				2FEA380C1D65A83500324A40 /* MHBagCell.h */,
				2FEA380D1D65A83500324A40 /* MHBagCell.m */,
				2F6FE67F1D6AF9B2004D449A /* MHAddBagCell.h */,
				2F6FE6801D6AF9B2004D449A /* MHAddBagCell.m */,
				2F6FE6921D6D7B23004D449A /* MHBagMessageView.h */,
				2F6FE6931D6D7B23004D449A /* MHBagMessageView.m */,
				2F6FE6951D6E9678004D449A /* MHUpDateBagView.h */,
				2F6FE6961D6E9678004D449A /* MHUpDateBagView.m */,
			);
			name = View;
			sourceTree = "<group>";
		};
		2FEA38081D65A6BE00324A40 /* Controller */ = {
			isa = PBXGroup;
			children = (
				2FEA38091D65A73600324A40 /* MHMyBagTableViewController.h */,
				2FEA380A1D65A73600324A40 /* MHMyBagTableViewController.m */,
				2F6FE6791D6AED37004D449A /* MHAddBagController.h */,
				2F6FE67A1D6AED37004D449A /* MHAddBagController.m */,
				2F6FE68C1D6C2B54004D449A /* MHBagMessageController.h */,
				2F6FE68D1D6C2B54004D449A /* MHBagMessageController.m */,
				2F6FE6981D6E96D2004D449A /* MHUpDateBagViewController.h */,
				2F6FE6991D6E96D2004D449A /* MHUpDateBagViewController.m */,
			);
			name = Controller;
			sourceTree = "<group>";
		};
		581CB93408FC56573DD31B25 /* Pods */ = {
			isa = PBXGroup;
			children = (
				D6289CC397615D06A22A8743 /* Pods-MHAccount.debug.xcconfig */,
				E1839BA412C8BEBA2E650329 /* Pods-MHAccount.release.xcconfig */,
			);
			name = Pods;
			sourceTree = "<group>";
		};
		FF8B1DBFB652AD5BCDC9F904 /* Frameworks */ = {
			isa = PBXGroup;
			children = (
				2F33DB901D6592CB009B10BD /* libsqlite3.0.tbd */,
				47FDD1C2D24BEB953409CC4D /* libPods-MHAccount.a */,
			);
			name = Frameworks;
			sourceTree = "<group>";
		};
/* End PBXGroup section */

/* Begin PBXNativeTarget section */
		2F7D72011D5D73D300E048C5 /* MHAccount */ = {
			isa = PBXNativeTarget;
			buildConfigurationList = 2F7D722F1D5D73D300E048C5 /* Build configuration list for PBXNativeTarget "MHAccount" */;
			buildPhases = (
				931CBD9EC3BF3820720FFBA9 /* [CP] Check Pods Manifest.lock */,
				2F7D71FE1D5D73D300E048C5 /* Sources */,
				2F7D71FF1D5D73D300E048C5 /* Frameworks */,
				2F7D72001D5D73D300E048C5 /* Resources */,
				78A64630F238ADF34ECBB8E6 /* [CP] Embed Pods Frameworks */,
				7B01A29A88CFF7156AA52232 /* [CP] Copy Pods Resources */,
			);
			buildRules = (
			);
			dependencies = (
			);
			name = MHAccount;
			productName = MHAccount;
			productReference = 2F7D72021D5D73D300E048C5 /* MHAccount.app */;
			productType = "com.apple.product-type.application";
		};
		2F7D721A1D5D73D300E048C5 /* MHAccountTests */ = {
			isa = PBXNativeTarget;
			buildConfigurationList = 2F7D72321D5D73D300E048C5 /* Build configuration list for PBXNativeTarget "MHAccountTests" */;
			buildPhases = (
				2F7D72171D5D73D300E048C5 /* Sources */,
				2F7D72181D5D73D300E048C5 /* Frameworks */,
				2F7D72191D5D73D300E048C5 /* Resources */,
			);
			buildRules = (
			);
			dependencies = (
				2F7D721D1D5D73D300E048C5 /* PBXTargetDependency */,
			);
			name = MHAccountTests;
			productName = MHAccountTests;
			productReference = 2F7D721B1D5D73D300E048C5 /* MHAccountTests.xctest */;
			productType = "com.apple.product-type.bundle.unit-test";
		};
		2F7D72251D5D73D300E048C5 /* MHAccountUITests */ = {
			isa = PBXNativeTarget;
			buildConfigurationList = 2F7D72351D5D73D300E048C5 /* Build configuration list for PBXNativeTarget "MHAccountUITests" */;
			buildPhases = (
				2F7D72221D5D73D300E048C5 /* Sources */,
				2F7D72231D5D73D300E048C5 /* Frameworks */,
				2F7D72241D5D73D300E048C5 /* Resources */,
			);
			buildRules = (
			);
			dependencies = (
				2F7D72281D5D73D300E048C5 /* PBXTargetDependency */,
			);
			name = MHAccountUITests;
			productName = MHAccountUITests;
			productReference = 2F7D72261D5D73D300E048C5 /* MHAccountUITests.xctest */;
			productType = "com.apple.product-type.bundle.ui-testing";
		};
/* End PBXNativeTarget section */

/* Begin PBXProject section */
		2F7D71FA1D5D73D300E048C5 /* Project object */ = {
			isa = PBXProject;
			attributes = {
				LastUpgradeCheck = 0730;
				ORGANIZATIONNAME = MinghanWu;
				TargetAttributes = {
					2F7D72011D5D73D300E048C5 = {
						CreatedOnToolsVersion = 7.3.1;
					};
					2F7D721A1D5D73D300E048C5 = {
						CreatedOnToolsVersion = 7.3.1;
						TestTargetID = 2F7D72011D5D73D300E048C5;
					};
					2F7D72251D5D73D300E048C5 = {
						CreatedOnToolsVersion = 7.3.1;
						TestTargetID = 2F7D72011D5D73D300E048C5;
					};
				};
			};
			buildConfigurationList = 2F7D71FD1D5D73D300E048C5 /* Build configuration list for PBXProject "MHAccount" */;
			compatibilityVersion = "Xcode 3.2";
			developmentRegion = English;
			hasScannedForEncodings = 0;
			knownRegions = (
				en,
				Base,
			);
			mainGroup = 2F7D71F91D5D73D300E048C5;
			productRefGroup = 2F7D72031D5D73D300E048C5 /* Products */;
			projectDirPath = "";
			projectRoot = "";
			targets = (
				2F7D72011D5D73D300E048C5 /* MHAccount */,
				2F7D721A1D5D73D300E048C5 /* MHAccountTests */,
				2F7D72251D5D73D300E048C5 /* MHAccountUITests */,
			);
		};
/* End PBXProject section */

/* Begin PBXResourcesBuildPhase section */
		2F7D72001D5D73D300E048C5 /* Resources */ = {
			isa = PBXResourcesBuildPhase;
			buildActionMask = 2147483647;
			files = (
				2F7D72151D5D73D300E048C5 /* LaunchScreen.storyboard in Resources */,
				2F7D72121D5D73D300E048C5 /* Assets.xcassets in Resources */,
				2F7D72101D5D73D300E048C5 /* Main.storyboard in Resources */,
			);
			runOnlyForDeploymentPostprocessing = 0;
		};
		2F7D72191D5D73D300E048C5 /* Resources */ = {
			isa = PBXResourcesBuildPhase;
			buildActionMask = 2147483647;
			files = (
			);
			runOnlyForDeploymentPostprocessing = 0;
		};
		2F7D72241D5D73D300E048C5 /* Resources */ = {
			isa = PBXResourcesBuildPhase;
			buildActionMask = 2147483647;
			files = (
			);
			runOnlyForDeploymentPostprocessing = 0;
		};
/* End PBXResourcesBuildPhase section */

/* Begin PBXShellScriptBuildPhase section */
		78A64630F238ADF34ECBB8E6 /* [CP] Embed Pods Frameworks */ = {
			isa = PBXShellScriptBuildPhase;
			buildActionMask = 2147483647;
			files = (
			);
			inputPaths = (
			);
			name = "[CP] Embed Pods Frameworks";
			outputPaths = (
			);
			runOnlyForDeploymentPostprocessing = 0;
			shellPath = /bin/sh;
			shellScript = "\"${SRCROOT}/Pods/Target Support Files/Pods-MHAccount/Pods-MHAccount-frameworks.sh\"\n";
			showEnvVarsInLog = 0;
		};
		7B01A29A88CFF7156AA52232 /* [CP] Copy Pods Resources */ = {
			isa = PBXShellScriptBuildPhase;
			buildActionMask = 2147483647;
			files = (
			);
			inputPaths = (
			);
			name = "[CP] Copy Pods Resources";
			outputPaths = (
			);
			runOnlyForDeploymentPostprocessing = 0;
			shellPath = /bin/sh;
			shellScript = "\"${SRCROOT}/Pods/Target Support Files/Pods-MHAccount/Pods-MHAccount-resources.sh\"\n";
			showEnvVarsInLog = 0;
		};
		931CBD9EC3BF3820720FFBA9 /* [CP] Check Pods Manifest.lock */ = {
			isa = PBXShellScriptBuildPhase;
			buildActionMask = 2147483647;
			files = (
			);
			inputPaths = (
			);
			name = "[CP] Check Pods Manifest.lock";
			outputPaths = (
			);
			runOnlyForDeploymentPostprocessing = 0;
			shellPath = /bin/sh;
			shellScript = "diff \"${PODS_ROOT}/../Podfile.lock\" \"${PODS_ROOT}/Manifest.lock\" > /dev/null\nif [[ $? != 0 ]] ; then\n    cat << EOM\nerror: The sandbox is not in sync with the Podfile.lock. Run 'pod install' or update your CocoaPods installation.\nEOM\n    exit 1\nfi\n";
			showEnvVarsInLog = 0;
		};
/* End PBXShellScriptBuildPhase section */

/* Begin PBXSourcesBuildPhase section */
		2F7D71FE1D5D73D300E048C5 /* Sources */ = {
			isa = PBXSourcesBuildPhase;
			buildActionMask = 2147483647;
			files = (
				2F6FE6941D6D7B23004D449A /* MHBagMessageView.m in Sources */,
				2FAA38571D6308C2000B19A1 /* MHDetailView.m in Sources */,
				2F6FE67B1D6AED37004D449A /* MHAddBagController.m in Sources */,
				2FEA380B1D65A73600324A40 /* MHMyBagTableViewController.m in Sources */,
				2F7D720A1D5D73D300E048C5 /* AppDelegate.m in Sources */,
				2FAA384E1D62E431000B19A1 /* MHDetailedViewController.m in Sources */,
				2F7D72071D5D73D300E048C5 /* main.m in Sources */,
				2FEA380E1D65A83500324A40 /* MHBagCell.m in Sources */,
				2FAA38541D62F9CC000B19A1 /* MHTabBarController.m in Sources */,
				2F6FE6971D6E9678004D449A /* MHUpDateBagView.m in Sources */,
				2F6FE68B1D6BFB53004D449A /* UIImage+Extension.m in Sources */,
				2FEA38111D65AA2F00324A40 /* MHBagModel.m in Sources */,
				2F6FE6841D6BE6A3004D449A /* MHBagTypeModel.m in Sources */,
				2F6FE69A1D6E96D2004D449A /* MHUpDateBagViewController.m in Sources */,
				2F6FE68E1D6C2B54004D449A /* MHBagMessageController.m in Sources */,
				2F6FE6811D6AF9B2004D449A /* MHAddBagCell.m in Sources */,
				2F33DB8F1D659017009B10BD /* MHDatabase.m in Sources */,
			);
			runOnlyForDeploymentPostprocessing = 0;
		};
		2F7D72171D5D73D300E048C5 /* Sources */ = {
			isa = PBXSourcesBuildPhase;
			buildActionMask = 2147483647;
			files = (
				2F7D72201D5D73D300E048C5 /* MHAccountTests.m in Sources */,
			);
			runOnlyForDeploymentPostprocessing = 0;
		};
		2F7D72221D5D73D300E048C5 /* Sources */ = {
			isa = PBXSourcesBuildPhase;
			buildActionMask = 2147483647;
			files = (
				2F7D722B1D5D73D300E048C5 /* MHAccountUITests.m in Sources */,
			);
			runOnlyForDeploymentPostprocessing = 0;
		};
/* End PBXSourcesBuildPhase section */

/* Begin PBXTargetDependency section */
		2F7D721D1D5D73D300E048C5 /* PBXTargetDependency */ = {
			isa = PBXTargetDependency;
			target = 2F7D72011D5D73D300E048C5 /* MHAccount */;
			targetProxy = 2F7D721C1D5D73D300E048C5 /* PBXContainerItemProxy */;
		};
		2F7D72281D5D73D300E048C5 /* PBXTargetDependency */ = {
			isa = PBXTargetDependency;
			target = 2F7D72011D5D73D300E048C5 /* MHAccount */;
			targetProxy = 2F7D72271D5D73D300E048C5 /* PBXContainerItemProxy */;
		};
/* End PBXTargetDependency section */

/* Begin PBXVariantGroup section */
		2F7D720E1D5D73D300E048C5 /* Main.storyboard */ = {
			isa = PBXVariantGroup;
			children = (
				2F7D720F1D5D73D300E048C5 /* Base */,
			);
			name = Main.storyboard;
			sourceTree = "<group>";
		};
		2F7D72131D5D73D300E048C5 /* LaunchScreen.storyboard */ = {
			isa = PBXVariantGroup;
			children = (
				2F7D72141D5D73D300E048C5 /* Base */,
			);
			name = LaunchScreen.storyboard;
			sourceTree = "<group>";
		};
/* End PBXVariantGroup section */

/* Begin XCBuildConfiguration section */
		2F7D722D1D5D73D300E048C5 /* Debug */ = {
			isa = XCBuildConfiguration;
			buildSettings = {
				ALWAYS_SEARCH_USER_PATHS = NO;
				CLANG_ANALYZER_NONNULL = YES;
				CLANG_CXX_LANGUAGE_STANDARD = "gnu++0x";
				CLANG_CXX_LIBRARY = "libc++";
				CLANG_ENABLE_MODULES = YES;
				CLANG_ENABLE_OBJC_ARC = YES;
				CLANG_WARN_BOOL_CONVERSION = YES;
				CLANG_WARN_CONSTANT_CONVERSION = YES;
				CLANG_WARN_DIRECT_OBJC_ISA_USAGE = YES_ERROR;
				CLANG_WARN_EMPTY_BODY = YES;
				CLANG_WARN_ENUM_CONVERSION = YES;
				CLANG_WARN_INT_CONVERSION = YES;
				CLANG_WARN_OBJC_ROOT_CLASS = YES_ERROR;
				CLANG_WARN_UNREACHABLE_CODE = YES;
				CLANG_WARN__DUPLICATE_METHOD_MATCH = YES;
				"CODE_SIGN_IDENTITY[sdk=iphoneos*]" = "iPhone Developer";
				COPY_PHASE_STRIP = NO;
				DEBUG_INFORMATION_FORMAT = dwarf;
				ENABLE_STRICT_OBJC_MSGSEND = YES;
				ENABLE_TESTABILITY = YES;
				GCC_C_LANGUAGE_STANDARD = gnu99;
				GCC_DYNAMIC_NO_PIC = NO;
				GCC_NO_COMMON_BLOCKS = YES;
				GCC_OPTIMIZATION_LEVEL = 0;
				GCC_PREPROCESSOR_DEFINITIONS = (
					"DEBUG=1",
					"$(inherited)",
				);
				GCC_WARN_64_TO_32_BIT_CONVERSION = YES;
				GCC_WARN_ABOUT_RETURN_TYPE = YES_ERROR;
				GCC_WARN_UNDECLARED_SELECTOR = YES;
				GCC_WARN_UNINITIALIZED_AUTOS = YES_AGGRESSIVE;
				GCC_WARN_UNUSED_FUNCTION = YES;
				GCC_WARN_UNUSED_VARIABLE = YES;
				IPHONEOS_DEPLOYMENT_TARGET = 9.3;
				MTL_ENABLE_DEBUG_INFO = YES;
				ONLY_ACTIVE_ARCH = YES;
				SDKROOT = iphoneos;
				TARGETED_DEVICE_FAMILY = "1,2";
			};
			name = Debug;
		};
		2F7D722E1D5D73D300E048C5 /* Release */ = {
			isa = XCBuildConfiguration;
			buildSettings = {
				ALWAYS_SEARCH_USER_PATHS = NO;
				CLANG_ANALYZER_NONNULL = YES;
				CLANG_CXX_LANGUAGE_STANDARD = "gnu++0x";
				CLANG_CXX_LIBRARY = "libc++";
				CLANG_ENABLE_MODULES = YES;
				CLANG_ENABLE_OBJC_ARC = YES;
				CLANG_WARN_BOOL_CONVERSION = YES;
				CLANG_WARN_CONSTANT_CONVERSION = YES;
				CLANG_WARN_DIRECT_OBJC_ISA_USAGE = YES_ERROR;
				CLANG_WARN_EMPTY_BODY = YES;
				CLANG_WARN_ENUM_CONVERSION = YES;
				CLANG_WARN_INT_CONVERSION = YES;
				CLANG_WARN_OBJC_ROOT_CLASS = YES_ERROR;
				CLANG_WARN_UNREACHABLE_CODE = YES;
				CLANG_WARN__DUPLICATE_METHOD_MATCH = YES;
				"CODE_SIGN_IDENTITY[sdk=iphoneos*]" = "iPhone Developer";
				COPY_PHASE_STRIP = NO;
				DEBUG_INFORMATION_FORMAT = "dwarf-with-dsym";
				ENABLE_NS_ASSERTIONS = NO;
				ENABLE_STRICT_OBJC_MSGSEND = YES;
				GCC_C_LANGUAGE_STANDARD = gnu99;
				GCC_NO_COMMON_BLOCKS = YES;
				GCC_WARN_64_TO_32_BIT_CONVERSION = YES;
				GCC_WARN_ABOUT_RETURN_TYPE = YES_ERROR;
				GCC_WARN_UNDECLARED_SELECTOR = YES;
				GCC_WARN_UNINITIALIZED_AUTOS = YES_AGGRESSIVE;
				GCC_WARN_UNUSED_FUNCTION = YES;
				GCC_WARN_UNUSED_VARIABLE = YES;
				IPHONEOS_DEPLOYMENT_TARGET = 9.3;
				MTL_ENABLE_DEBUG_INFO = NO;
				SDKROOT = iphoneos;
				TARGETED_DEVICE_FAMILY = "1,2";
				VALIDATE_PRODUCT = YES;
			};
			name = Release;
		};
		2F7D72301D5D73D300E048C5 /* Debug */ = {
			isa = XCBuildConfiguration;
			baseConfigurationReference = D6289CC397615D06A22A8743 /* Pods-MHAccount.debug.xcconfig */;
			buildSettings = {
				ASSETCATALOG_COMPILER_APPICON_NAME = AppIcon;
				INFOPLIST_FILE = MHAccount/Info.plist;
				LD_RUNPATH_SEARCH_PATHS = "$(inherited) @executable_path/Frameworks";
				PRODUCT_BUNDLE_IDENTIFIER = com.MH.MHAccount;
				PRODUCT_NAME = "$(TARGET_NAME)";
			};
			name = Debug;
		};
		2F7D72311D5D73D300E048C5 /* Release */ = {
			isa = XCBuildConfiguration;
			baseConfigurationReference = E1839BA412C8BEBA2E650329 /* Pods-MHAccount.release.xcconfig */;
			buildSettings = {
				ASSETCATALOG_COMPILER_APPICON_NAME = AppIcon;
				INFOPLIST_FILE = MHAccount/Info.plist;
				LD_RUNPATH_SEARCH_PATHS = "$(inherited) @executable_path/Frameworks";
				PRODUCT_BUNDLE_IDENTIFIER = com.MH.MHAccount;
				PRODUCT_NAME = "$(TARGET_NAME)";
			};
			name = Release;
		};
		2F7D72331D5D73D300E048C5 /* Debug */ = {
			isa = XCBuildConfiguration;
			buildSettings = {
				BUNDLE_LOADER = "$(TEST_HOST)";
				INFOPLIST_FILE = MHAccountTests/Info.plist;
				LD_RUNPATH_SEARCH_PATHS = "$(inherited) @executable_path/Frameworks @loader_path/Frameworks";
				PRODUCT_BUNDLE_IDENTIFIER = com.MH.MHAccountTests;
				PRODUCT_NAME = "$(TARGET_NAME)";
				TEST_HOST = "$(BUILT_PRODUCTS_DIR)/MHAccount.app/MHAccount";
			};
			name = Debug;
		};
		2F7D72341D5D73D300E048C5 /* Release */ = {
			isa = XCBuildConfiguration;
			buildSettings = {
				BUNDLE_LOADER = "$(TEST_HOST)";
				INFOPLIST_FILE = MHAccountTests/Info.plist;
				LD_RUNPATH_SEARCH_PATHS = "$(inherited) @executable_path/Frameworks @loader_path/Frameworks";
				PRODUCT_BUNDLE_IDENTIFIER = com.MH.MHAccountTests;
				PRODUCT_NAME = "$(TARGET_NAME)";
				TEST_HOST = "$(BUILT_PRODUCTS_DIR)/MHAccount.app/MHAccount";
			};
			name = Release;
		};
		2F7D72361D5D73D300E048C5 /* Debug */ = {
			isa = XCBuildConfiguration;
			buildSettings = {
				INFOPLIST_FILE = MHAccountUITests/Info.plist;
				LD_RUNPATH_SEARCH_PATHS = "$(inherited) @executable_path/Frameworks @loader_path/Frameworks";
				PRODUCT_BUNDLE_IDENTIFIER = com.MH.MHAccountUITests;
				PRODUCT_NAME = "$(TARGET_NAME)";
				TEST_TARGET_NAME = MHAccount;
			};
			name = Debug;
		};
		2F7D72371D5D73D300E048C5 /* Release */ = {
			isa = XCBuildConfiguration;
			buildSettings = {
				INFOPLIST_FILE = MHAccountUITests/Info.plist;
				LD_RUNPATH_SEARCH_PATHS = "$(inherited) @executable_path/Frameworks @loader_path/Frameworks";
				PRODUCT_BUNDLE_IDENTIFIER = com.MH.MHAccountUITests;
				PRODUCT_NAME = "$(TARGET_NAME)";
				TEST_TARGET_NAME = MHAccount;
			};
			name = Release;
		};
/* End XCBuildConfiguration section */

/* Begin XCConfigurationList section */
		2F7D71FD1D5D73D300E048C5 /* Build configuration list for PBXProject "MHAccount" */ = {
			isa = XCConfigurationList;
			buildConfigurations = (
				2F7D722D1D5D73D300E048C5 /* Debug */,
				2F7D722E1D5D73D300E048C5 /* Release */,
			);
			defaultConfigurationIsVisible = 0;
			defaultConfigurationName = Release;
		};
		2F7D722F1D5D73D300E048C5 /* Build configuration list for PBXNativeTarget "MHAccount" */ = {
			isa = XCConfigurationList;
			buildConfigurations = (
				2F7D72301D5D73D300E048C5 /* Debug */,
				2F7D72311D5D73D300E048C5 /* Release */,
			);
			defaultConfigurationIsVisible = 0;
			defaultConfigurationName = Release;
		};
		2F7D72321D5D73D300E048C5 /* Build configuration list for PBXNativeTarget "MHAccountTests" */ = {
			isa = XCConfigurationList;
			buildConfigurations = (
				2F7D72331D5D73D300E048C5 /* Debug */,
				2F7D72341D5D73D300E048C5 /* Release */,
			);
			defaultConfigurationIsVisible = 0;
			defaultConfigurationName = Release;
		};
		2F7D72351D5D73D300E048C5 /* Build configuration list for PBXNativeTarget "MHAccountUITests" */ = {
			isa = XCConfigurationList;
			buildConfigurations = (
				2F7D72361D5D73D300E048C5 /* Debug */,
				2F7D72371D5D73D300E048C5 /* Release */,
			);
			defaultConfigurationIsVisible = 0;
			defaultConfigurationName = Release;
		};
/* End XCConfigurationList section */
	};
	rootObject = 2F7D71FA1D5D73D300E048C5 /* Project object */;
}
